
Microsoft Visual Studio Solution File, Format Version 12.00
Project("{FAE04EC0-301F-11D3-BF4B-00C04F79EFBC}") = "mars-robot.core", "mars-robot.core\mars-robot.core.csproj", "{E1639C7F-4A2F-4B95-9B66-5C8408041C2A}"
EndProject
Project("{FAE04EC0-301F-11D3-BF4B-00C04F79EFBC}") = "mars-robot.core.tests", "mars-robot.core.tests\mars-robot.core.tests.csproj", "{5187FB1B-59E8-4C2F-94DB-157050AEA188}"
EndProject
Project("{2150E333-8FDC-42A3-9474-1A3956D46DE8}") = "src", "src", "{9C7FE23F-EC28-471C-8B8F-ED81B48CFB03}"
EndProject
Project("{2150E333-8FDC-42A3-9474-1A3956D46DE8}") = "tests", "tests", "{60BFA6F9-BFA4-4E1D-9A36-FB316D7001F3}"
EndProject
Project("{2150E333-8FDC-42A3-9474-1A3956D46DE8}") = "docs", "docs", "{BE403484-810E-4FC2-8789-57F2F94CAF19}"
	ProjectSection(SolutionItems) = preProject
		README.md = README.md
	EndProjectSection
EndProject
Project("{FAE04EC0-301F-11D3-BF4B-00C04F79EFBC}") = "mars-robot.cli", "mars-robot.cli\mars-robot.cli.csproj", "{400009CA-30F6-4BBA-A20B-EAEF0213B724}"
EndProject
Project("{2150E333-8FDC-42A3-9474-1A3956D46DE8}") = "deploy", "deploy", "{419682A5-9828-4C82-BA1A-19FF89C2B598}"
	ProjectSection(SolutionItems) = preProject
		run-tests.sh = run-tests.sh
		run.sh = run.sh
	EndProjectSection
EndProject
Global
	GlobalSection(SolutionConfigurationPlatforms) = preSolution
		Debug|Any CPU = Debug|Any CPU
		Release|Any CPU = Release|Any CPU
	EndGlobalSection
	GlobalSection(ProjectConfigurationPlatforms) = postSolution
		{E1639C7F-4A2F-4B95-9B66-5C8408041C2A}.Debug|Any CPU.ActiveCfg = Debug|Any CPU
		{E1639C7F-4A2F-4B95-9B66-5C8408041C2A}.Debug|Any CPU.Build.0 = Debug|Any CPU
		{E1639C7F-4A2F-4B95-9B66-5C8408041C2A}.Release|Any CPU.ActiveCfg = Release|Any CPU
		{E1639C7F-4A2F-4B95-9B66-5C8408041C2A}.Release|Any CPU.Build.0 = Release|Any CPU
		{5187FB1B-59E8-4C2F-94DB-157050AEA188}.Debug|Any CPU.ActiveCfg = Debug|Any CPU
		{5187FB1B-59E8-4C2F-94DB-157050AEA188}.Debug|Any CPU.Build.0 = Debug|Any CPU
		{5187FB1B-59E8-4C2F-94DB-157050AEA188}.Release|Any CPU.ActiveCfg = Release|Any CPU
		{5187FB1B-59E8-4C2F-94DB-157050AEA188}.Release|Any CPU.Build.0 = Release|Any CPU
		{400009CA-30F6-4BBA-A20B-EAEF0213B724}.Debug|Any CPU.ActiveCfg = Debug|Any CPU
		{400009CA-30F6-4BBA-A20B-EAEF0213B724}.Debug|Any CPU.Build.0 = Debug|Any CPU
		{400009CA-30F6-4BBA-A20B-EAEF0213B724}.Release|Any CPU.ActiveCfg = Release|Any CPU
		{400009CA-30F6-4BBA-A20B-EAEF0213B724}.Release|Any CPU.Build.0 = Release|Any CPU
	EndGlobalSection
	GlobalSection(NestedProjects) = preSolution
		{E1639C7F-4A2F-4B95-9B66-5C8408041C2A} = {9C7FE23F-EC28-471C-8B8F-ED81B48CFB03}
		{5187FB1B-59E8-4C2F-94DB-157050AEA188} = {60BFA6F9-BFA4-4E1D-9A36-FB316D7001F3}
		{400009CA-30F6-4BBA-A20B-EAEF0213B724} = {9C7FE23F-EC28-471C-8B8F-ED81B48CFB03}
	EndGlobalSection
EndGlobal
